
Microsoft Visual Studio Solution File, Format Version 12.00
# Visual Studio 2012
Project("{2150E333-8FDC-42A3-9474-1A3956D46DE8}") = "libs", "libs", "{CEB5A42F-C3F2-4577-960A-F3BF74C77D26}"
EndProject
Project("{FAE04EC0-301F-11D3-BF4B-00C04F79EFBC}") = "FontAwesomeIcons", "libs\FontAwesomeIcons\FontAwesomeIcons.csproj", "{56F662A1-D1E3-453F-BF74-9D8D03B6AFFC}"
EndProject
Project("{FAE04EC0-301F-11D3-BF4B-00C04F79EFBC}") = "MaterialSkin", "libs\MaterialSkin\MaterialSkin.csproj", "{8EB7611B-68CD-4B8B-987A-11717E2B250C}"
EndProject
Project("{FAE04EC0-301F-11D3-BF4B-00C04F79EFBC}") = "iCarto", "iCarto\iCarto.csproj", "{4374091E-5C88-4961-8016-6058D0D69D34}"
EndProject
Project("{FAE04EC0-301F-11D3-BF4B-00C04F79EFBC}") = "LollipopUI", "libs\LollipopUI\LollipopUI.csproj", "{EB11C287-896C-4DBD-8EC4-62E8CAE22110}"
EndProject
Project("{FAE04EC0-301F-11D3-BF4B-00C04F79EFBC}") = "EngineConsoleApplication", "EngineConsoleApplication\EngineConsoleApplication.csproj", "{1A6FA08D-3038-4500-A7AA-2E82E3E590C7}"
EndProject
Global
	GlobalSection(SolutionConfigurationPlatforms) = preSolution
		Debug|Any CPU = Debug|Any CPU
		Debug|Mixed Platforms = Debug|Mixed Platforms
		Debug|x86 = Debug|x86
		Release|Any CPU = Release|Any CPU
		Release|Mixed Platforms = Release|Mixed Platforms
		Release|x86 = Release|x86
	EndGlobalSection
	GlobalSection(ProjectConfigurationPlatforms) = postSolution
		{56F662A1-D1E3-453F-BF74-9D8D03B6AFFC}.Debug|Any CPU.ActiveCfg = Debug|Any CPU
		{56F662A1-D1E3-453F-BF74-9D8D03B6AFFC}.Debug|Any CPU.Build.0 = Debug|Any CPU
		{56F662A1-D1E3-453F-BF74-9D8D03B6AFFC}.Debug|Mixed Platforms.ActiveCfg = Debug|Any CPU
		{56F662A1-D1E3-453F-BF74-9D8D03B6AFFC}.Debug|Mixed Platforms.Build.0 = Debug|Any CPU
		{56F662A1-D1E3-453F-BF74-9D8D03B6AFFC}.Debug|x86.ActiveCfg = Debug|Any CPU
		{56F662A1-D1E3-453F-BF74-9D8D03B6AFFC}.Release|Any CPU.ActiveCfg = Release|Any CPU
		{56F662A1-D1E3-453F-BF74-9D8D03B6AFFC}.Release|Any CPU.Build.0 = Release|Any CPU
		{56F662A1-D1E3-453F-BF74-9D8D03B6AFFC}.Release|Mixed Platforms.ActiveCfg = Release|Any CPU
		{56F662A1-D1E3-453F-BF74-9D8D03B6AFFC}.Release|Mixed Platforms.Build.0 = Release|Any CPU
		{56F662A1-D1E3-453F-BF74-9D8D03B6AFFC}.Release|x86.ActiveCfg = Release|Any CPU
		{8EB7611B-68CD-4B8B-987A-11717E2B250C}.Debug|Any CPU.ActiveCfg = Debug|Any CPU
		{8EB7611B-68CD-4B8B-987A-11717E2B250C}.Debug|Any CPU.Build.0 = Debug|Any CPU
		{8EB7611B-68CD-4B8B-987A-11717E2B250C}.Debug|Mixed Platforms.ActiveCfg = Debug|Any CPU
		{8EB7611B-68CD-4B8B-987A-11717E2B250C}.Debug|Mixed Platforms.Build.0 = Debug|Any CPU
		{8EB7611B-68CD-4B8B-987A-11717E2B250C}.Debug|x86.ActiveCfg = Debug|Any CPU
		{8EB7611B-68CD-4B8B-987A-11717E2B250C}.Release|Any CPU.ActiveCfg = Release|Any CPU
		{8EB7611B-68CD-4B8B-987A-11717E2B250C}.Release|Any CPU.Build.0 = Release|Any CPU
		{8EB7611B-68CD-4B8B-987A-11717E2B250C}.Release|Mixed Platforms.ActiveCfg = Release|Any CPU
		{8EB7611B-68CD-4B8B-987A-11717E2B250C}.Release|Mixed Platforms.Build.0 = Release|Any CPU
		{8EB7611B-68CD-4B8B-987A-11717E2B250C}.Release|x86.ActiveCfg = Release|Any CPU
		{4374091E-5C88-4961-8016-6058D0D69D34}.Debug|Any CPU.ActiveCfg = Debug|x86
		{4374091E-5C88-4961-8016-6058D0D69D34}.Debug|Mixed Platforms.ActiveCfg = Debug|x86
		{4374091E-5C88-4961-8016-6058D0D69D34}.Debug|Mixed Platforms.Build.0 = Debug|x86
		{4374091E-5C88-4961-8016-6058D0D69D34}.Debug|x86.ActiveCfg = Debug|x86
		{4374091E-5C88-4961-8016-6058D0D69D34}.Debug|x86.Build.0 = Debug|x86
		{4374091E-5C88-4961-8016-6058D0D69D34}.Release|Any CPU.ActiveCfg = Release|x86
		{4374091E-5C88-4961-8016-6058D0D69D34}.Release|Mixed Platforms.ActiveCfg = Release|x86
		{4374091E-5C88-4961-8016-6058D0D69D34}.Release|Mixed Platforms.Build.0 = Release|x86
		{4374091E-5C88-4961-8016-6058D0D69D34}.Release|x86.ActiveCfg = Release|x86
		{4374091E-5C88-4961-8016-6058D0D69D34}.Release|x86.Build.0 = Release|x86
		{EB11C287-896C-4DBD-8EC4-62E8CAE22110}.Debug|Any CPU.ActiveCfg = Debug|Any CPU
		{EB11C287-896C-4DBD-8EC4-62E8CAE22110}.Debug|Any CPU.Build.0 = Debug|Any CPU
		{EB11C287-896C-4DBD-8EC4-62E8CAE22110}.Debug|Mixed Platforms.ActiveCfg = Debug|Any CPU
		{EB11C287-896C-4DBD-8EC4-62E8CAE22110}.Debug|Mixed Platforms.Build.0 = Debug|Any CPU
		{EB11C287-896C-4DBD-8EC4-62E8CAE22110}.Debug|x86.ActiveCfg = Debug|Any CPU
		{EB11C287-896C-4DBD-8EC4-62E8CAE22110}.Release|Any CPU.ActiveCfg = Release|Any CPU
		{EB11C287-896C-4DBD-8EC4-62E8CAE22110}.Release|Any CPU.Build.0 = Release|Any CPU
		{EB11C287-896C-4DBD-8EC4-62E8CAE22110}.Release|Mixed Platforms.ActiveCfg = Release|Any CPU
		{EB11C287-896C-4DBD-8EC4-62E8CAE22110}.Release|Mixed Platforms.Build.0 = Release|Any CPU
		{EB11C287-896C-4DBD-8EC4-62E8CAE22110}.Release|x86.ActiveCfg = Release|Any CPU
		{1A6FA08D-3038-4500-A7AA-2E82E3E590C7}.Debug|Any CPU.ActiveCfg = Debug|x86
		{1A6FA08D-3038-4500-A7AA-2E82E3E590C7}.Debug|Mixed Platforms.ActiveCfg = Debug|x86
		{1A6FA08D-3038-4500-A7AA-2E82E3E590C7}.Debug|Mixed Platforms.Build.0 = Debug|x86
		{1A6FA08D-3038-4500-A7AA-2E82E3E590C7}.Debug|x86.ActiveCfg = Debug|x86
		{1A6FA08D-3038-4500-A7AA-2E82E3E590C7}.Debug|x86.Build.0 = Debug|x86
		{1A6FA08D-3038-4500-A7AA-2E82E3E590C7}.Release|Any CPU.ActiveCfg = Release|x86
		{1A6FA08D-3038-4500-A7AA-2E82E3E590C7}.Release|Mixed Platforms.ActiveCfg = Release|x86
		{1A6FA08D-3038-4500-A7AA-2E82E3E590C7}.Release|Mixed Platforms.Build.0 = Release|x86
		{1A6FA08D-3038-4500-A7AA-2E82E3E590C7}.Release|x86.ActiveCfg = Release|x86
		{1A6FA08D-3038-4500-A7AA-2E82E3E590C7}.Release|x86.Build.0 = Release|x86
	EndGlobalSection
	GlobalSection(SolutionProperties) = preSolution
		HideSolutionNode = FALSE
	EndGlobalSection
	GlobalSection(NestedProjects) = preSolution
		{56F662A1-D1E3-453F-BF74-9D8D03B6AFFC} = {CEB5A42F-C3F2-4577-960A-F3BF74C77D26}
		{8EB7611B-68CD-4B8B-987A-11717E2B250C} = {CEB5A42F-C3F2-4577-960A-F3BF74C77D26}
		{EB11C287-896C-4DBD-8EC4-62E8CAE22110} = {CEB5A42F-C3F2-4577-960A-F3BF74C77D26}
	EndGlobalSection
EndGlobal
